
Microsoft Visual Studio Solution File, Format Version 12.00
# Visual Studio Version 17
VisualStudioVersion = 17.10.34928.147
MinimumVisualStudioVersion = 10.0.40219.1
Project("{FAE04EC0-301F-11D3-BF4B-00C04F79EFBC}") = "FixCharacterRunningGame", "FixCharacterRunningGame\FixCharacterRunningGame.csproj", "{F74AAF56-BB3E-4175-B8FA-D23FED85A4BB}"
EndProject
Global
	GlobalSection(SolutionConfigurationPlatforms) = preSolution
		Debug|Any CPU = Debug|Any CPU
		Release|Any CPU = Release|Any CPU
	EndGlobalSection
	GlobalSection(ProjectConfigurationPlatforms) = postSolution
		{F74AAF56-BB3E-4175-B8FA-D23FED85A4BB}.Debug|Any CPU.ActiveCfg = Debug|Any CPU
		{F74AAF56-BB3E-4175-B8FA-D23FED85A4BB}.Debug|Any CPU.Build.0 = Debug|Any CPU
		{F74AAF56-BB3E-4175-B8FA-D23FED85A4BB}.Release|Any CPU.ActiveCfg = Release|Any CPU
		{F74AAF56-BB3E-4175-B8FA-D23FED85A4BB}.Release|Any CPU.Build.0 = Release|Any CPU
	EndGlobalSection
	GlobalSection(SolutionProperties) = preSolution
		HideSolutionNode = FALSE
	EndGlobalSection
	GlobalSection(ExtensibilityGlobals) = postSolution
		SolutionGuid = {1C3405FF-7EE0-4408-B85E-16373E2E4A8E}
	EndGlobalSection
EndGlobal
